flake8==2.5.4
funcsigs==1.0.2
GDAL==1.11.5
line-profiler==1.0
mccabe==0.4.0
mock==2.0.0
mysqlclient==1.3.10
nose==1.3.7
olefile==0.44
pbr==1.8.1
pep8==1.7.0
Pillow==4.1.1
pyflakes==1.0.0
-e git://github.com/drj11/pypng.git@f5c4c76d81093b6c3f39f83b203f6832c496c110#egg=pypng
pytz==2017.2
readline==6.2.4.1
request==0.0.2
six==1.10.0
stevedore==1.12.0
vba-wrapper==0.0.2
virtualenv==15.0.0
virtualenv-clone==0.2.6
virtualenvwrapper==4.7.1
